// !$*UTF8*$!
{
	archiveVersion = 1;
	classes = {
	};
	objectVersion = 46;
	objects = {

/* Begin PBXBuildFile section */
		A9B4CD3619D60BEA006954EB /* AppDelegate.swift in Sources */ = {isa = PBXBuildFile; fileRef = A9B4CD3519D60BEA006954EB /* AppDelegate.swift */; };
		A9B4CD3819D60BEA006954EB /* ViewController.swift in Sources */ = {isa = PBXBuildFile; fileRef = A9B4CD3719D60BEA006954EB /* ViewController.swift */; };
		A9B4CD3B19D60BEA006954EB /* Main.storyboard in Resources */ = {isa = PBXBuildFile; fileRef = A9B4CD3919D60BEA006954EB /* Main.storyboard */; };
		A9B4CD3D19D60BEA006954EB /* Images.xcassets in Resources */ = {isa = PBXBuildFile; fileRef = A9B4CD3C19D60BEA006954EB /* Images.xcassets */; };
		A9B4CD4019D60BEA006954EB /* LaunchScreen.xib in Resources */ = {isa = PBXBuildFile; fileRef = A9B4CD3E19D60BEA006954EB /* LaunchScreen.xib */; };
		A9B4CD4C19D60BEA006954EB /* PulpTests.swift in Sources */ = {isa = PBXBuildFile; fileRef = A9B4CD4B19D60BEA006954EB /* PulpTests.swift */; };
/* End PBXBuildFile section */

/* Begin PBXContainerItemProxy section */
		A9B4CD4619D60BEA006954EB /* PBXContainerItemProxy */ = {
			isa = PBXContainerItemProxy;
			containerPortal = A9B4CD2819D60BEA006954EB /* Project object */;
			proxyType = 1;
			remoteGlobalIDString = A9B4CD2F19D60BEA006954EB;
			remoteInfo = Pulp;
		};
/* End PBXContainerItemProxy section */

/* Begin PBXFileReference section */
		A9B4CD3019D60BEA006954EB /* Pulp.app */ = {isa = PBXFileReference; explicitFileType = wrapper.application; includeInIndex = 0; path = Pulp.app; sourceTree = BUILT_PRODUCTS_DIR; };
		A9B4CD3419D60BEA006954EB /* Info.plist */ = {isa = PBXFileReference; lastKnownFileType = text.plist.xml; path = Info.plist; sourceTree = "<group>"; };
		A9B4CD3519D60BEA006954EB /* AppDelegate.swift */ = {isa = PBXFileReference; lastKnownFileType = sourcecode.swift; path = AppDelegate.swift; sourceTree = "<group>"; };
		A9B4CD3719D60BEA006954EB /* ViewController.swift */ = {isa = PBXFileReference; lastKnownFileType = sourcecode.swift; path = ViewController.swift; sourceTree = "<group>"; };
		A9B4CD3A19D60BEA006954EB /* Base */ = {isa = PBXFileReference; lastKnownFileType = file.storyboard; name = Base; path = Base.lproj/Main.storyboard; sourceTree = "<group>"; };
		A9B4CD3C19D60BEA006954EB /* Images.xcassets */ = {isa = PBXFileReference; lastKnownFileType = folder.assetcatalog; path = Images.xcassets; sourceTree = "<group>"; };
		A9B4CD3F19D60BEA006954EB /* Base */ = {isa = PBXFileReference; lastKnownFileType = file.xib; name = Base; path = Base.lproj/LaunchScreen.xib; sourceTree = "<group>"; };
		A9B4CD4519D60BEA006954EB /* PulpTests.xctest */ = {isa = PBXFileReference; explicitFileType = wrapper.cfbundle; includeInIndex = 0; path = PulpTests.xctest; sourceTree = BUILT_PRODUCTS_DIR; };
		A9B4CD4A19D60BEA006954EB /* Info.plist */ = {isa = PBXFileReference; lastKnownFileType = text.plist.xml; path = Info.plist; sourceTree = "<group>"; };
		A9B4CD4B19D60BEA006954EB /* PulpTests.swift */ = {isa = PBXFileReference; lastKnownFileType = sourcecode.swift; path = PulpTests.swift; sourceTree = "<group>"; };
/* End PBXFileReference section */

/* Begin PBXFrameworksBuildPhase section */
		A9B4CD2D19D60BEA006954EB /* Frameworks */ = {
			isa = PBXFrameworksBuildPhase;
			buildActionMask = 2147483647;
			files = (
			);
			runOnlyForDeploymentPostprocessing = 0;
		};
		A9B4CD4219D60BEA006954EB /* Frameworks */ = {
			isa = PBXFrameworksBuildPhase;
			buildActionMask = 2147483647;
			files = (
			);
			runOnlyForDeploymentPostprocessing = 0;
		};
/* End PBXFrameworksBuildPhase section */

/* Begin PBXGroup section */
		A9B4CD2719D60BEA006954EB = {
			isa = PBXGroup;
			children = (
				A9B4CD3219D60BEA006954EB /* Pulp */,
				A9B4CD4819D60BEA006954EB /* PulpTests */,
				A9B4CD3119D60BEA006954EB /* Products */,
			);
			sourceTree = "<group>";
		};
		A9B4CD3119D60BEA006954EB /* Products */ = {
			isa = PBXGroup;
			children = (
				A9B4CD3019D60BEA006954EB /* Pulp.app */,
				A9B4CD4519D60BEA006954EB /* PulpTests.xctest */,
			);
			name = Products;
			sourceTree = "<group>";
		};
		A9B4CD3219D60BEA006954EB /* Pulp */ = {
			isa = PBXGroup;
			children = (
				A9B4CD3519D60BEA006954EB /* AppDelegate.swift */,
				A9B4CD3719D60BEA006954EB /* ViewController.swift */,
				A9B4CD3919D60BEA006954EB /* Main.storyboard */,
				A9B4CD3C19D60BEA006954EB /* Images.xcassets */,
				A9B4CD3E19D60BEA006954EB /* LaunchScreen.xib */,
				A9B4CD3319D60BEA006954EB /* Supporting Files */,
			);
			path = Pulp;
			sourceTree = "<group>";
		};
		A9B4CD3319D60BEA006954EB /* Supporting Files */ = {
			isa = PBXGroup;
			children = (
				A9B4CD3419D60BEA006954EB /* Info.plist */,
			);
			name = "Supporting Files";
			sourceTree = "<group>";
		};
		A9B4CD4819D60BEA006954EB /* PulpTests */ = {
			isa = PBXGroup;
			children = (
				A9B4CD4B19D60BEA006954EB /* PulpTests.swift */,
				A9B4CD4919D60BEA006954EB /* Supporting Files */,
			);
			path = PulpTests;
			sourceTree = "<group>";
		};
		A9B4CD4919D60BEA006954EB /* Supporting Files */ = {
			isa = PBXGroup;
			children = (
				A9B4CD4A19D60BEA006954EB /* Info.plist */,
			);
			name = "Supporting Files";
			sourceTree = "<group>";
		};
/* End PBXGroup section */

/* Begin PBXNativeTarget section */
		A9B4CD2F19D60BEA006954EB /* Pulp */ = {
			isa = PBXNativeTarget;
			buildConfigurationList = A9B4CD4F19D60BEA006954EB /* Build configuration list for PBXNativeTarget "Pulp" */;
			buildPhases = (
				A9B4CD2C19D60BEA006954EB /* Sources */,
				A9B4CD2D19D60BEA006954EB /* Frameworks */,
				A9B4CD2E19D60BEA006954EB /* Resources */,
			);
			buildRules = (
			);
			dependencies = (
			);
			name = Pulp;
			productName = Pulp;
			productReference = A9B4CD3019D60BEA006954EB /* Pulp.app */;
			productType = "com.apple.product-type.application";
		};
		A9B4CD4419D60BEA006954EB /* PulpTests */ = {
			isa = PBXNativeTarget;
			buildConfigurationList = A9B4CD5219D60BEA006954EB /* Build configuration list for PBXNativeTarget "PulpTests" */;
			buildPhases = (
				A9B4CD4119D60BEA006954EB /* Sources */,
				A9B4CD4219D60BEA006954EB /* Frameworks */,
				A9B4CD4319D60BEA006954EB /* Resources */,
			);
			buildRules = (
			);
			dependencies = (
				A9B4CD4719D60BEA006954EB /* PBXTargetDependency */,
			);
			name = PulpTests;
			productName = PulpTests;
			productReference = A9B4CD4519D60BEA006954EB /* PulpTests.xctest */;
			productType = "com.apple.product-type.bundle.unit-test";
		};
/* End PBXNativeTarget section */

/* Begin PBXProject section */
		A9B4CD2819D60BEA006954EB /* Project object */ = {
			isa = PBXProject;
			attributes = {
				LastUpgradeCheck = 0600;
				ORGANIZATIONNAME = "Antonio Ono";
				TargetAttributes = {
					A9B4CD2F19D60BEA006954EB = {
						CreatedOnToolsVersion = 6.0.1;
					};
					A9B4CD4419D60BEA006954EB = {
						CreatedOnToolsVersion = 6.0.1;
						TestTargetID = A9B4CD2F19D60BEA006954EB;
					};
				};
			};
			buildConfigurationList = A9B4CD2B19D60BEA006954EB /* Build configuration list for PBXProject "Pulp" */;
			compatibilityVersion = "Xcode 3.2";
			developmentRegion = English;
			hasScannedForEncodings = 0;
			knownRegions = (
				en,
				Base,
			);
			mainGroup = A9B4CD2719D60BEA006954EB;
			productRefGroup = A9B4CD3119D60BEA006954EB /* Products */;
			projectDirPath = "";
			projectRoot = "";
			targets = (
				A9B4CD2F19D60BEA006954EB /* Pulp */,
				A9B4CD4419D60BEA006954EB /* PulpTests */,
			);
		};
/* End PBXProject section */

/* Begin PBXResourcesBuildPhase section */
		A9B4CD2E19D60BEA006954EB /* Resources */ = {
			isa = PBXResourcesBuildPhase;
			buildActionMask = 2147483647;
			files = (
				A9B4CD3B19D60BEA006954EB /* Main.storyboard in Resources */,
				A9B4CD4019D60BEA006954EB /* LaunchScreen.xib in Resources */,
				A9B4CD3D19D60BEA006954EB /* Images.xcassets in Resources */,
			);
			runOnlyForDeploymentPostprocessing = 0;
		};
		A9B4CD4319D60BEA006954EB /* Resources */ = {
			isa = PBXResourcesBuildPhase;
			buildActionMask = 2147483647;
			files = (
			);
			runOnlyForDeploymentPostprocessing = 0;
		};
/* End PBXResourcesBuildPhase section */

/* Begin PBXSourcesBuildPhase section */
		A9B4CD2C19D60BEA006954EB /* Sources */ = {
			isa = PBXSourcesBuildPhase;
			buildActionMask = 2147483647;
			files = (
				A9B4CD3819D60BEA006954EB /* ViewController.swift in Sources */,
				A9B4CD3619D60BEA006954EB /* AppDelegate.swift in Sources */,
			);
			runOnlyForDeploymentPostprocessing = 0;
		};
		A9B4CD4119D60BEA006954EB /* Sources */ = {
			isa = PBXSourcesBuildPhase;
			buildActionMask = 2147483647;
			files = (
				A9B4CD4C19D60BEA006954EB /* PulpTests.swift in Sources */,
			);
			runOnlyForDeploymentPostprocessing = 0;
		};
/* End PBXSourcesBuildPhase section */

/* Begin PBXTargetDependency section */
		A9B4CD4719D60BEA006954EB /* PBXTargetDependency */ = {
			isa = PBXTargetDependency;
			target = A9B4CD2F19D60BEA006954EB /* Pulp */;
			targetProxy = A9B4CD4619D60BEA006954EB /* PBXContainerItemProxy */;
		};
/* End PBXTargetDependency section */

/* Begin PBXVariantGroup section */
		A9B4CD3919D60BEA006954EB /* Main.storyboard */ = {
			isa = PBXVariantGroup;
			children = (
				A9B4CD3A19D60BEA006954EB /* Base */,
			);
			name = Main.storyboard;
			sourceTree = "<group>";
		};
		A9B4CD3E19D60BEA006954EB /* LaunchScreen.xib */ = {
			isa = PBXVariantGroup;
			children = (
				A9B4CD3F19D60BEA006954EB /* Base */,
			);
			name = LaunchScreen.xib;
			sourceTree = "<group>";
		};
/* End PBXVariantGroup section */

/* Begin XCBuildConfiguration section */
		A9B4CD4D19D60BEA006954EB /* Debug */ = {
			isa = XCBuildConfiguration;
			buildSettings = {
				ALWAYS_SEARCH_USER_PATHS = NO;
				CLANG_CXX_LANGUAGE_STANDARD = "gnu++0x";
				CLANG_CXX_LIBRARY = "libc++";
				CLANG_ENABLE_MODULES = YES;
				CLANG_ENABLE_OBJC_ARC = YES;
				CLANG_WARN_BOOL_CONVERSION = YES;
				CLANG_WARN_CONSTANT_CONVERSION = YES;
				CLANG_WARN_DIRECT_OBJC_ISA_USAGE = YES_ERROR;
				CLANG_WARN_EMPTY_BODY = YES;
				CLANG_WARN_ENUM_CONVERSION = YES;
				CLANG_WARN_INT_CONVERSION = YES;
				CLANG_WARN_OBJC_ROOT_CLASS = YES_ERROR;
				CLANG_WARN_UNREACHABLE_CODE = YES;
				CLANG_WARN__DUPLICATE_METHOD_MATCH = YES;
				"CODE_SIGN_IDENTITY[sdk=iphoneos*]" = "iPhone Developer";
				COPY_PHASE_STRIP = NO;
				ENABLE_STRICT_OBJC_MSGSEND = YES;
				GCC_C_LANGUAGE_STANDARD = gnu99;
				GCC_DYNAMIC_NO_PIC = NO;
				GCC_OPTIMIZATION_LEVEL = 0;
				GCC_PREPROCESSOR_DEFINITIONS = (
					"DEBUG=1",
					"$(inherited)",
				);
				GCC_SYMBOLS_PRIVATE_EXTERN = NO;
				GCC_WARN_64_TO_32_BIT_CONVERSION = YES;
				GCC_WARN_ABOUT_RETURN_TYPE = YES_ERROR;
				GCC_WARN_UNDECLARED_SELECTOR = YES;
				GCC_WARN_UNINITIALIZED_AUTOS = YES_AGGRESSIVE;
				GCC_WARN_UNUSED_FUNCTION = YES;
				GCC_WARN_UNUSED_VARIABLE = YES;
				IPHONEOS_DEPLOYMENT_TARGET = 8.0;
				MTL_ENABLE_DEBUG_INFO = YES;
				ONLY_ACTIVE_ARCH = YES;
				SDKROOT = iphoneos;
				SWIFT_OPTIMIZATION_LEVEL = "-Onone";
				TARGETED_DEVICE_FAMILY = "1,2";
			};
			name = Debug;
		};
		A9B4CD4E19D60BEA006954EB /* Release */ = {
			isa = XCBuildConfiguration;
			buildSettings = {
				ALWAYS_SEARCH_USER_PATHS = NO;
				CLANG_CXX_LANGUAGE_STANDARD = "gnu++0x";
				CLANG_CXX_LIBRARY = "libc++";
				CLANG_ENABLE_MODULES = YES;
				CLANG_ENABLE_OBJC_ARC = YES;
				CLANG_WARN_BOOL_CONVERSION = YES;
				CLANG_WARN_CONSTANT_CONVERSION = YES;
				CLANG_WARN_DIRECT_OBJC_ISA_USAGE = YES_ERROR;
				CLANG_WARN_EMPTY_BODY = YES;
				CLANG_WARN_ENUM_CONVERSION = YES;
				CLANG_WARN_INT_CONVERSION = YES;
				CLANG_WARN_OBJC_ROOT_CLASS = YES_ERROR;
				CLANG_WARN_UNREACHABLE_CODE = YES;
				CLANG_WARN__DUPLICATE_METHOD_MATCH = YES;
				"CODE_SIGN_IDENTITY[sdk=iphoneos*]" = "iPhone Developer";
				COPY_PHASE_STRIP = YES;
				ENABLE_NS_ASSERTIONS = NO;
				ENABLE_STRICT_OBJC_MSGSEND = YES;
				GCC_C_LANGUAGE_STANDARD = gnu99;
				GCC_WARN_64_TO_32_BIT_CONVERSION = YES;
				GCC_WARN_ABOUT_RETURN_TYPE = YES_ERROR;
				GCC_WARN_UNDECLARED_SELECTOR = YES;
				GCC_WARN_UNINITIALIZED_AUTOS = YES_AGGRESSIVE;
				GCC_WARN_UNUSED_FUNCTION = YES;
				GCC_WARN_UNUSED_VARIABLE = YES;
				IPHONEOS_DEPLOYMENT_TARGET = 8.0;
				MTL_ENABLE_DEBUG_INFO = NO;
				SDKROOT = iphoneos;
				TARGETED_DEVICE_FAMILY = "1,2";
				VALIDATE_PRODUCT = YES;
			};
			name = Release;
		};
		A9B4CD5019D60BEA006954EB /* Debug */ = {
			isa = XCBuildConfiguration;
			buildSettings = {
				ASSETCATALOG_COMPILER_APPICON_NAME = AppIcon;
				INFOPLIST_FILE = Pulp/Info.plist;
				LD_RUNPATH_SEARCH_PATHS = "$(inherited) @executable_path/Frameworks";
				PRODUCT_NAME = "$(TARGET_NAME)";
			};
			name = Debug;
		};
		A9B4CD5119D60BEA006954EB /* Release */ = {
			isa = XCBuildConfiguration;
			buildSettings = {
				ASSETCATALOG_COMPILER_APPICON_NAME = AppIcon;
				INFOPLIST_FILE = Pulp/Info.plist;
				LD_RUNPATH_SEARCH_PATHS = "$(inherited) @executable_path/Frameworks";
				PRODUCT_NAME = "$(TARGET_NAME)";
			};
			name = Release;
		};
		A9B4CD5319D60BEA006954EB /* Debug */ = {
			isa = XCBuildConfiguration;
			buildSettings = {
				BUNDLE_LOADER = "$(TEST_HOST)";
				FRAMEWORK_SEARCH_PATHS = (
					"$(SDKROOT)/Developer/Library/Frameworks",
					"$(inherited)",
				);
				GCC_PREPROCESSOR_DEFINITIONS = (
					"DEBUG=1",
					"$(inherited)",
				);
				INFOPLIST_FILE = PulpTests/Info.plist;
				LD_RUNPATH_SEARCH_PATHS = "$(inherited) @executable_path/Frameworks @loader_path/Frameworks";
				PRODUCT_NAME = "$(TARGET_NAME)";
				TEST_HOST = "$(BUILT_PRODUCTS_DIR)/Pulp.app/Pulp";
			};
			name = Debug;
		};
		A9B4CD5419D60BEA006954EB /* Release */ = {
			isa = XCBuildConfiguration;
			buildSettings = {
				BUNDLE_LOADER = "$(TEST_HOST)";
				FRAMEWORK_SEARCH_PATHS = (
					"$(SDKROOT)/Developer/Library/Frameworks",
					"$(inherited)",
				);
				INFOPLIST_FILE = PulpTests/Info.plist;
				LD_RUNPATH_SEARCH_PATHS = "$(inherited) @executable_path/Frameworks @loader_path/Frameworks";
				PRODUCT_NAME = "$(TARGET_NAME)";
				TEST_HOST = "$(BUILT_PRODUCTS_DIR)/Pulp.app/Pulp";
			};
			name = Release;
		};
/* End XCBuildConfiguration section */

/* Begin XCConfigurationList section */
		A9B4CD2B19D60BEA006954EB /* Build configuration list for PBXProject "Pulp" */ = {
			isa = XCConfigurationList;
			buildConfigurations = (
				A9B4CD4D19D60BEA006954EB /* Debug */,
				A9B4CD4E19D60BEA006954EB /* Release */,
			);
			defaultConfigurationIsVisible = 0;
			defaultConfigurationName = Release;
		};
		A9B4CD4F19D60BEA006954EB /* Build configuration list for PBXNativeTarget "Pulp" */ = {
			isa = XCConfigurationList;
			buildConfigurations = (
				A9B4CD5019D60BEA006954EB /* Debug */,
				A9B4CD5119D60BEA006954EB /* Release */,
			);
			defaultConfigurationIsVisible = 0;
		};
		A9B4CD5219D60BEA006954EB /* Build configuration list for PBXNativeTarget "PulpTests" */ = {
			isa = XCConfigurationList;
			buildConfigurations = (
				A9B4CD5319D60BEA006954EB /* Debug */,
				A9B4CD5419D60BEA006954EB /* Release */,
			);
			defaultConfigurationIsVisible = 0;
		};
/* End XCConfigurationList section */
	};
	rootObject = A9B4CD2819D60BEA006954EB /* Project object */;
}
